
Microsoft Visual Studio Solution File, Format Version 12.00
# Visual Studio Version 17
VisualStudioVersion = 17.5.33414.496
MinimumVisualStudioVersion = 10.0.40219.1
Project("{FAE04EC0-301F-11D3-BF4B-00C04F79EFBC}") = "Tot", "Tot\Tot.csproj", "{FE497BDA-E563-4492-9508-5D2C4A552257}"
EndProject
Global
	GlobalSection(SolutionConfigurationPlatforms) = preSolution
		Debug|Any CPU = Debug|Any CPU
		Release|Any CPU = Release|Any CPU
	EndGlobalSection
	GlobalSection(ProjectConfigurationPlatforms) = postSolution
		{FE497BDA-E563-4492-9508-5D2C4A552257}.Debug|Any CPU.ActiveCfg = Debug|Any CPU
		{FE497BDA-E563-4492-9508-5D2C4A552257}.Debug|Any CPU.Build.0 = Debug|Any CPU
		{FE497BDA-E563-4492-9508-5D2C4A552257}.Release|Any CPU.ActiveCfg = Release|Any CPU
		{FE497BDA-E563-4492-9508-5D2C4A552257}.Release|Any CPU.Build.0 = Release|Any CPU
	EndGlobalSection
	GlobalSection(SolutionProperties) = preSolution
		HideSolutionNode = FALSE
	EndGlobalSection
	GlobalSection(ExtensibilityGlobals) = postSolution
		SolutionGuid = {734238B0-0A86-46CD-BE53-2D1AC21CD952}
	EndGlobalSection
EndGlobal
