
Microsoft Visual Studio Solution File, Format Version 12.00
# Visual Studio Version 17
VisualStudioVersion = 17.5.33414.496
MinimumVisualStudioVersion = 10.0.40219.1
Project("{FAE04EC0-301F-11D3-BF4B-00C04F79EFBC}") = "Comenzi_Pizza", "Comenzi_Pizza\Comenzi_Pizza.csproj", "{A25EC502-2524-4708-92FE-ACD4E0B78040}"
EndProject
Global
	GlobalSection(SolutionConfigurationPlatforms) = preSolution
		Debug|Any CPU = Debug|Any CPU
		Release|Any CPU = Release|Any CPU
	EndGlobalSection
	GlobalSection(ProjectConfigurationPlatforms) = postSolution
		{A25EC502-2524-4708-92FE-ACD4E0B78040}.Debug|Any CPU.ActiveCfg = Debug|Any CPU
		{A25EC502-2524-4708-92FE-ACD4E0B78040}.Debug|Any CPU.Build.0 = Debug|Any CPU
		{A25EC502-2524-4708-92FE-ACD4E0B78040}.Release|Any CPU.ActiveCfg = Release|Any CPU
		{A25EC502-2524-4708-92FE-ACD4E0B78040}.Release|Any CPU.Build.0 = Release|Any CPU
	EndGlobalSection
	GlobalSection(SolutionProperties) = preSolution
		HideSolutionNode = FALSE
	EndGlobalSection
	GlobalSection(ExtensibilityGlobals) = postSolution
		SolutionGuid = {FE466670-9C32-4C64-A39C-99929ADB9D83}
	EndGlobalSection
EndGlobal
