
Microsoft Visual Studio Solution File, Format Version 12.00
# Visual Studio Version 17
VisualStudioVersion = 17.5.33414.496
MinimumVisualStudioVersion = 10.0.40219.1
Project("{FAE04EC0-301F-11D3-BF4B-00C04F79EFBC}") = "TestSQL", "TestSQL\TestSQL.csproj", "{197EFB20-BD35-4A0B-BBB6-E363C52CA5B0}"
EndProject
Global
	GlobalSection(SolutionConfigurationPlatforms) = preSolution
		Debug|Any CPU = Debug|Any CPU
		Release|Any CPU = Release|Any CPU
	EndGlobalSection
	GlobalSection(ProjectConfigurationPlatforms) = postSolution
		{197EFB20-BD35-4A0B-BBB6-E363C52CA5B0}.Debug|Any CPU.ActiveCfg = Debug|Any CPU
		{197EFB20-BD35-4A0B-BBB6-E363C52CA5B0}.Debug|Any CPU.Build.0 = Debug|Any CPU
		{197EFB20-BD35-4A0B-BBB6-E363C52CA5B0}.Release|Any CPU.ActiveCfg = Release|Any CPU
		{197EFB20-BD35-4A0B-BBB6-E363C52CA5B0}.Release|Any CPU.Build.0 = Release|Any CPU
	EndGlobalSection
	GlobalSection(SolutionProperties) = preSolution
		HideSolutionNode = FALSE
	EndGlobalSection
	GlobalSection(ExtensibilityGlobals) = postSolution
		SolutionGuid = {48C0F78D-3446-451B-8EDE-EDC2EEA73E30}
	EndGlobalSection
EndGlobal
